
Microsoft Visual Studio Solution File, Format Version 12.00
# Visual Studio Version 17
VisualStudioVersion = 17.1.32421.90
MinimumVisualStudioVersion = 10.0.40219.1
Project("{FAE04EC0-301F-11D3-BF4B-00C04F79EFBC}") = "eva2", "eva2\eva2.csproj", "{0F158F71-3335-4AB4-BC14-E7E18A8CDFEC}"
EndProject
Global
	GlobalSection(SolutionConfigurationPlatforms) = preSolution
		Debug|Any CPU = Debug|Any CPU
		Release|Any CPU = Release|Any CPU
	EndGlobalSection
	GlobalSection(ProjectConfigurationPlatforms) = postSolution
		{0F158F71-3335-4AB4-BC14-E7E18A8CDFEC}.Debug|Any CPU.ActiveCfg = Debug|Any CPU
		{0F158F71-3335-4AB4-BC14-E7E18A8CDFEC}.Debug|Any CPU.Build.0 = Debug|Any CPU
		{0F158F71-3335-4AB4-BC14-E7E18A8CDFEC}.Release|Any CPU.ActiveCfg = Release|Any CPU
		{0F158F71-3335-4AB4-BC14-E7E18A8CDFEC}.Release|Any CPU.Build.0 = Release|Any CPU
	EndGlobalSection
	GlobalSection(SolutionProperties) = preSolution
		HideSolutionNode = FALSE
	EndGlobalSection
	GlobalSection(ExtensibilityGlobals) = postSolution
		SolutionGuid = {F9BEE8B8-6CFF-4AD0-B591-6CE07C94D4A9}
	EndGlobalSection
EndGlobal
